---
mruby:
  version: 3.0.0
  release_no: 30000
  git_commit: a6657afab9ffb258b01b3d6e485a86328bf4d40e
builds:
  host:
    https://github.com/iij/mruby-errno.git:
      url: https://github.com/iij/mruby-errno.git
      branch: HEAD
      commit: b4415207ff6ea62360619c89a1cff83259dc4db0
      version: 0.0.0
